
Microsoft Visual Studio Solution File, Format Version 12.00
# Visual Studio Version 16
VisualStudioVersion = 16.0.30621.155
MinimumVisualStudioVersion = 10.0.40219.1
Project("{FAE04EC0-301F-11D3-BF4B-00C04F79EFBC}") = "busqueda-rapida", "busqueda-rapida.csproj", "{CF614E0E-B108-4B78-ADFB-C5F2B93D293F}"
EndProject
Global
	GlobalSection(SolutionConfigurationPlatforms) = preSolution
		Debug|Any CPU = Debug|Any CPU
		Release|Any CPU = Release|Any CPU
	EndGlobalSection
	GlobalSection(ProjectConfigurationPlatforms) = postSolution
		{CF614E0E-B108-4B78-ADFB-C5F2B93D293F}.Debug|Any CPU.ActiveCfg = Debug|Any CPU
		{CF614E0E-B108-4B78-ADFB-C5F2B93D293F}.Debug|Any CPU.Build.0 = Debug|Any CPU
		{CF614E0E-B108-4B78-ADFB-C5F2B93D293F}.Release|Any CPU.ActiveCfg = Release|Any CPU
		{CF614E0E-B108-4B78-ADFB-C5F2B93D293F}.Release|Any CPU.Build.0 = Release|Any CPU
	EndGlobalSection
	GlobalSection(SolutionProperties) = preSolution
		HideSolutionNode = FALSE
	EndGlobalSection
	GlobalSection(ExtensibilityGlobals) = postSolution
		SolutionGuid = {A11D07AE-8FD9-46CD-BD3A-26CBCDB5651F}
	EndGlobalSection
EndGlobal
