
Microsoft Visual Studio Solution File, Format Version 12.00
# Visual Studio Version 16
VisualStudioVersion = 16.0.30621.155
MinimumVisualStudioVersion = 10.0.40219.1
Project("{FAE04EC0-301F-11D3-BF4B-00C04F79EFBC}") = "sumar-matriz", "sumar-matriz.csproj", "{2CC8F692-D98A-49E9-8D40-D0C48F055B5B}"
EndProject
Global
	GlobalSection(SolutionConfigurationPlatforms) = preSolution
		Debug|Any CPU = Debug|Any CPU
		Release|Any CPU = Release|Any CPU
	EndGlobalSection
	GlobalSection(ProjectConfigurationPlatforms) = postSolution
		{2CC8F692-D98A-49E9-8D40-D0C48F055B5B}.Debug|Any CPU.ActiveCfg = Debug|Any CPU
		{2CC8F692-D98A-49E9-8D40-D0C48F055B5B}.Debug|Any CPU.Build.0 = Debug|Any CPU
		{2CC8F692-D98A-49E9-8D40-D0C48F055B5B}.Release|Any CPU.ActiveCfg = Release|Any CPU
		{2CC8F692-D98A-49E9-8D40-D0C48F055B5B}.Release|Any CPU.Build.0 = Release|Any CPU
	EndGlobalSection
	GlobalSection(SolutionProperties) = preSolution
		HideSolutionNode = FALSE
	EndGlobalSection
	GlobalSection(ExtensibilityGlobals) = postSolution
		SolutionGuid = {15EF9E20-EFEB-4978-9A05-B4FB6941AA16}
	EndGlobalSection
EndGlobal
