
Microsoft Visual Studio Solution File, Format Version 12.00
# Visual Studio Version 16
VisualStudioVersion = 16.0.30523.141
MinimumVisualStudioVersion = 10.0.40219.1
Project("{FAE04EC0-301F-11D3-BF4B-00C04F79EFBC}") = "calculadora03", "calculadora03.csproj", "{43DCDCFC-910D-498E-BD05-BAEF653E67E2}"
EndProject
Global
	GlobalSection(SolutionConfigurationPlatforms) = preSolution
		Debug|Any CPU = Debug|Any CPU
		Release|Any CPU = Release|Any CPU
	EndGlobalSection
	GlobalSection(ProjectConfigurationPlatforms) = postSolution
		{43DCDCFC-910D-498E-BD05-BAEF653E67E2}.Debug|Any CPU.ActiveCfg = Debug|Any CPU
		{43DCDCFC-910D-498E-BD05-BAEF653E67E2}.Debug|Any CPU.Build.0 = Debug|Any CPU
		{43DCDCFC-910D-498E-BD05-BAEF653E67E2}.Release|Any CPU.ActiveCfg = Release|Any CPU
		{43DCDCFC-910D-498E-BD05-BAEF653E67E2}.Release|Any CPU.Build.0 = Release|Any CPU
	EndGlobalSection
	GlobalSection(SolutionProperties) = preSolution
		HideSolutionNode = FALSE
	EndGlobalSection
	GlobalSection(ExtensibilityGlobals) = postSolution
		SolutionGuid = {F8F5D85D-8876-4021-B8D4-B73FD226C465}
	EndGlobalSection
EndGlobal
