
Microsoft Visual Studio Solution File, Format Version 12.00
# Visual Studio Version 16
VisualStudioVersion = 16.0.30621.155
MinimumVisualStudioVersion = 10.0.40219.1
Project("{FAE04EC0-301F-11D3-BF4B-00C04F79EFBC}") = "sistema-gestion-requerimientos", "sistema-gestion-requerimientos.csproj", "{8B69DDEE-310A-4128-906D-C891B42A1047}"
EndProject
Global
	GlobalSection(SolutionConfigurationPlatforms) = preSolution
		Debug|Any CPU = Debug|Any CPU
		Release|Any CPU = Release|Any CPU
	EndGlobalSection
	GlobalSection(ProjectConfigurationPlatforms) = postSolution
		{8B69DDEE-310A-4128-906D-C891B42A1047}.Debug|Any CPU.ActiveCfg = Debug|Any CPU
		{8B69DDEE-310A-4128-906D-C891B42A1047}.Debug|Any CPU.Build.0 = Debug|Any CPU
		{8B69DDEE-310A-4128-906D-C891B42A1047}.Release|Any CPU.ActiveCfg = Release|Any CPU
		{8B69DDEE-310A-4128-906D-C891B42A1047}.Release|Any CPU.Build.0 = Release|Any CPU
	EndGlobalSection
	GlobalSection(SolutionProperties) = preSolution
		HideSolutionNode = FALSE
	EndGlobalSection
	GlobalSection(ExtensibilityGlobals) = postSolution
		SolutionGuid = {069C1ED3-16F4-450B-9652-29A9A925F77A}
	EndGlobalSection
EndGlobal
