
Microsoft Visual Studio Solution File, Format Version 12.00
# Visual Studio Version 16
VisualStudioVersion = 16.0.30611.23
MinimumVisualStudioVersion = 10.0.40219.1
Project("{FAE04EC0-301F-11D3-BF4B-00C04F79EFBC}") = "consola01", "consola01.csproj", "{F2EFB1C7-12AD-48AA-BB16-A4AD6B9A35D2}"
EndProject
Global
	GlobalSection(SolutionConfigurationPlatforms) = preSolution
		Debug|Any CPU = Debug|Any CPU
		Release|Any CPU = Release|Any CPU
	EndGlobalSection
	GlobalSection(ProjectConfigurationPlatforms) = postSolution
		{F2EFB1C7-12AD-48AA-BB16-A4AD6B9A35D2}.Debug|Any CPU.ActiveCfg = Debug|Any CPU
		{F2EFB1C7-12AD-48AA-BB16-A4AD6B9A35D2}.Debug|Any CPU.Build.0 = Debug|Any CPU
		{F2EFB1C7-12AD-48AA-BB16-A4AD6B9A35D2}.Release|Any CPU.ActiveCfg = Release|Any CPU
		{F2EFB1C7-12AD-48AA-BB16-A4AD6B9A35D2}.Release|Any CPU.Build.0 = Release|Any CPU
	EndGlobalSection
	GlobalSection(SolutionProperties) = preSolution
		HideSolutionNode = FALSE
	EndGlobalSection
	GlobalSection(ExtensibilityGlobals) = postSolution
		SolutionGuid = {956CB556-9506-4E0C-B84C-5F8633B38908}
	EndGlobalSection
EndGlobal
