
Microsoft Visual Studio Solution File, Format Version 12.00
# Visual Studio Version 16
VisualStudioVersion = 16.0.30611.23
MinimumVisualStudioVersion = 10.0.40219.1
Project("{FAE04EC0-301F-11D3-BF4B-00C04F79EFBC}") = "rectangulo", "rectangulo.csproj", "{2A947A01-7F40-4B94-B919-5FF0FA367505}"
EndProject
Global
	GlobalSection(SolutionConfigurationPlatforms) = preSolution
		Debug|Any CPU = Debug|Any CPU
		Release|Any CPU = Release|Any CPU
	EndGlobalSection
	GlobalSection(ProjectConfigurationPlatforms) = postSolution
		{2A947A01-7F40-4B94-B919-5FF0FA367505}.Debug|Any CPU.ActiveCfg = Debug|Any CPU
		{2A947A01-7F40-4B94-B919-5FF0FA367505}.Debug|Any CPU.Build.0 = Debug|Any CPU
		{2A947A01-7F40-4B94-B919-5FF0FA367505}.Release|Any CPU.ActiveCfg = Release|Any CPU
		{2A947A01-7F40-4B94-B919-5FF0FA367505}.Release|Any CPU.Build.0 = Release|Any CPU
	EndGlobalSection
	GlobalSection(SolutionProperties) = preSolution
		HideSolutionNode = FALSE
	EndGlobalSection
	GlobalSection(ExtensibilityGlobals) = postSolution
		SolutionGuid = {1401689F-441E-440D-B355-9F8970124E86}
	EndGlobalSection
EndGlobal
